{
  "name": "intro",
  "version": "1.0.0",
  "lockfileVersion": 3,
  "requires": true,
  "packages": {
    "": {
      "name": "intro",
      "version": "1.0.0",
      "license": "ISC",
      "dependencies": {
        "jp-flames": "^1.0.5"
      }
    },
    "node_modules/jp-flames": {
      "version": "1.0.5",
      "resolved": "https://registry.npmjs.org/jp-flames/-/jp-flames-1.0.5.tgz",
      "integrity": "sha512-AlEEDpX7wIm2Gq3CO38+heYRRuHV41FvBS0qgnBkH656ouDXtlF0MleeEYno5G9QyYKsVG7+JMpSWfJcicynUA==",
      "license": "ISC"
    }
  }
}
